
Microsoft Visual Studio Solution File, Format Version 12.00
# Visual Studio 16
VisualStudioVersion = 16.0.30503.244
MinimumVisualStudioVersion = 16.0.30503.244
Project("{FAE04EC0-301F-11D3-BF4B-00C04F79EFBC}") = "IdanAsraf.ArcGISRuntime.Geodabase.Editing", "IdanAsraf.ArcGISRuntime.Geodabase.Editing\IdanAsraf.ArcGISRuntime.Geodabase.Editing.csproj", "{B7963B6B-2375-4B62-B805-C5446777F5CC}"
EndProject
Global
	GlobalSection(SolutionConfigurationPlatforms) = preSolution
		Debug|x64 = Debug|x64
		Release|x64 = Release|x64
	EndGlobalSection
	GlobalSection(ProjectConfigurationPlatforms) = postSolution
		{B7963B6B-2375-4B62-B805-C5446777F5CC}.Debug|x64.ActiveCfg = Debug|x64
	EndGlobalSection
	GlobalSection(SolutionProperties) = preSolution
		HideSolutionNode = FALSE
	EndGlobalSection
EndGlobal
